
Microsoft Visual Studio Solution File, Format Version 12.00
# Visual Studio Version 17
VisualStudioVersion = 17.3.32901.215
MinimumVisualStudioVersion = 10.0.40219.1
Project("{FAE04EC0-301F-11D3-BF4B-00C04F79EFBC}") = "Five.Workshop.Solid", "Five.Workshop.Solid.csproj", "{C476E2F0-A1A4-439B-8937-1F4357D89399}"
EndProject
Global
	GlobalSection(SolutionConfigurationPlatforms) = preSolution
		Debug|Any CPU = Debug|Any CPU
		Release|Any CPU = Release|Any CPU
	EndGlobalSection
	GlobalSection(ProjectConfigurationPlatforms) = postSolution
		{C476E2F0-A1A4-439B-8937-1F4357D89399}.Debug|Any CPU.ActiveCfg = Debug|Any CPU
		{C476E2F0-A1A4-439B-8937-1F4357D89399}.Debug|Any CPU.Build.0 = Debug|Any CPU
		{C476E2F0-A1A4-439B-8937-1F4357D89399}.Release|Any CPU.ActiveCfg = Release|Any CPU
		{C476E2F0-A1A4-439B-8937-1F4357D89399}.Release|Any CPU.Build.0 = Release|Any CPU
	EndGlobalSection
	GlobalSection(SolutionProperties) = preSolution
		HideSolutionNode = FALSE
	EndGlobalSection
	GlobalSection(ExtensibilityGlobals) = postSolution
		SolutionGuid = {AC12F38D-7740-4B9F-B015-F1FAA19BD05D}
	EndGlobalSection
EndGlobal
